
Microsoft Visual Studio Solution File, Format Version 12.00
# Visual Studio Version 17
VisualStudioVersion = 17.3.32922.545
MinimumVisualStudioVersion = 10.0.40219.1
Project("{FAE04EC0-301F-11D3-BF4B-00C04F79EFBC}") = "Zad4", "Zad4\Zad4.csproj", "{13AE6D83-DF37-45C9-9F84-A1EA7B1E1C21}"
EndProject
Global
	GlobalSection(SolutionConfigurationPlatforms) = preSolution
		Debug|Any CPU = Debug|Any CPU
		Release|Any CPU = Release|Any CPU
	EndGlobalSection
	GlobalSection(ProjectConfigurationPlatforms) = postSolution
		{13AE6D83-DF37-45C9-9F84-A1EA7B1E1C21}.Debug|Any CPU.ActiveCfg = Debug|Any CPU
		{13AE6D83-DF37-45C9-9F84-A1EA7B1E1C21}.Debug|Any CPU.Build.0 = Debug|Any CPU
		{13AE6D83-DF37-45C9-9F84-A1EA7B1E1C21}.Release|Any CPU.ActiveCfg = Release|Any CPU
		{13AE6D83-DF37-45C9-9F84-A1EA7B1E1C21}.Release|Any CPU.Build.0 = Release|Any CPU
	EndGlobalSection
	GlobalSection(SolutionProperties) = preSolution
		HideSolutionNode = FALSE
	EndGlobalSection
	GlobalSection(ExtensibilityGlobals) = postSolution
		SolutionGuid = {34EF991C-6EAB-44ED-B55D-37E0E082F7FD}
	EndGlobalSection
EndGlobal
